
Microsoft Visual Studio Solution File, Format Version 12.00
# Visual Studio Version 17
VisualStudioVersion = 17.12.35707.178
MinimumVisualStudioVersion = 10.0.40219.1
Project("{FAE04EC0-301F-11D3-BF4B-00C04F79EFBC}") = "RealEstateApp", "RealEstateApp\RealEstateApp.csproj", "{6A6C31D3-CC03-4B7A-8C57-A3D6A05896E5}"
EndProject
Project("{2150E333-8FDC-42A3-9474-1A3956D46DE8}") = "Source", "Source", "{EB9A8544-4654-41EE-902C-7745506E5E8B}"
EndProject
Project("{2150E333-8FDC-42A3-9474-1A3956D46DE8}") = "Core", "Core", "{B8B664F6-B871-4182-AD74-334092A98BD5}"
EndProject
Project("{2150E333-8FDC-42A3-9474-1A3956D46DE8}") = "Infrastructure", "Infrastructure", "{E2C24E90-0EEA-4ABC-AD9E-33F056608534}"
EndProject
Project("{2150E333-8FDC-42A3-9474-1A3956D46DE8}") = "Presentation", "Presentation", "{0258A558-DCCC-4944-AFBD-366D173F6C5E}"
EndProject
Project("{2150E333-8FDC-42A3-9474-1A3956D46DE8}") = "WebApp", "WebApp", "{03D41934-A77C-4E1D-A8DA-56A627D7C231}"
EndProject
Project("{2150E333-8FDC-42A3-9474-1A3956D46DE8}") = "WebApi", "WebApi", "{F0E407C7-0D57-4AEF-88A1-1E104409B7CE}"
EndProject
Project("{FAE04EC0-301F-11D3-BF4B-00C04F79EFBC}") = "RealEstateApp.Core.Application", "RealEstateApp.Core.Application\RealEstateApp.Core.Application.csproj", "{33F3B526-DF0F-4091-A060-3D30BC034D4D}"
EndProject
Project("{FAE04EC0-301F-11D3-BF4B-00C04F79EFBC}") = "RealEstateApp.Core.Domain", "RealEstateApp.Core.Domain\RealEstateApp.Core.Domain.csproj", "{BF4D29BF-0E1A-4AF9-A7C0-D6FAECE49FF4}"
EndProject
Project("{FAE04EC0-301F-11D3-BF4B-00C04F79EFBC}") = "RealEstateApp.Infrastructure.Identity", "RealEstateApp.Infrastructure.Identity\RealEstateApp.Infrastructure.Identity.csproj", "{408B7A1C-21DF-48F5-AEDD-39A863397B51}"
EndProject
Project("{FAE04EC0-301F-11D3-BF4B-00C04F79EFBC}") = "RealEstateApp.Infrastructure.Persistence", "RealEstateApp.Infrastructure.Persistence\RealEstateApp.Infrastructure.Persistence.csproj", "{0EEA3A9B-CADD-4E6E-8B17-A2B52E8FC186}"
EndProject
Project("{FAE04EC0-301F-11D3-BF4B-00C04F79EFBC}") = "RealEstateApp.WebApi", "RealEstateApp.WebApi\RealEstateApp.WebApi.csproj", "{0043E3E3-9225-4654-94E4-DA04608FBC4C}"
EndProject
Project("{FAE04EC0-301F-11D3-BF4B-00C04F79EFBC}") = "RealEstateApp.Infrastructure.Shared", "RealEstateApp.Infrastructure.Shared\RealEstateApp.Infrastructure.Shared.csproj", "{8D095C49-DDBE-4102-A9BD-B848DFCFD50F}"
EndProject
Global
	GlobalSection(SolutionConfigurationPlatforms) = preSolution
		Debug|Any CPU = Debug|Any CPU
		Release|Any CPU = Release|Any CPU
	EndGlobalSection
	GlobalSection(ProjectConfigurationPlatforms) = postSolution
		{6A6C31D3-CC03-4B7A-8C57-A3D6A05896E5}.Debug|Any CPU.ActiveCfg = Debug|Any CPU
		{6A6C31D3-CC03-4B7A-8C57-A3D6A05896E5}.Debug|Any CPU.Build.0 = Debug|Any CPU
		{6A6C31D3-CC03-4B7A-8C57-A3D6A05896E5}.Release|Any CPU.ActiveCfg = Release|Any CPU
		{6A6C31D3-CC03-4B7A-8C57-A3D6A05896E5}.Release|Any CPU.Build.0 = Release|Any CPU
		{33F3B526-DF0F-4091-A060-3D30BC034D4D}.Debug|Any CPU.ActiveCfg = Debug|Any CPU
		{33F3B526-DF0F-4091-A060-3D30BC034D4D}.Debug|Any CPU.Build.0 = Debug|Any CPU
		{33F3B526-DF0F-4091-A060-3D30BC034D4D}.Release|Any CPU.ActiveCfg = Release|Any CPU
		{33F3B526-DF0F-4091-A060-3D30BC034D4D}.Release|Any CPU.Build.0 = Release|Any CPU
		{BF4D29BF-0E1A-4AF9-A7C0-D6FAECE49FF4}.Debug|Any CPU.ActiveCfg = Debug|Any CPU
		{BF4D29BF-0E1A-4AF9-A7C0-D6FAECE49FF4}.Debug|Any CPU.Build.0 = Debug|Any CPU
		{BF4D29BF-0E1A-4AF9-A7C0-D6FAECE49FF4}.Release|Any CPU.ActiveCfg = Release|Any CPU
		{BF4D29BF-0E1A-4AF9-A7C0-D6FAECE49FF4}.Release|Any CPU.Build.0 = Release|Any CPU
		{408B7A1C-21DF-48F5-AEDD-39A863397B51}.Debug|Any CPU.ActiveCfg = Debug|Any CPU
		{408B7A1C-21DF-48F5-AEDD-39A863397B51}.Debug|Any CPU.Build.0 = Debug|Any CPU
		{408B7A1C-21DF-48F5-AEDD-39A863397B51}.Release|Any CPU.ActiveCfg = Release|Any CPU
		{408B7A1C-21DF-48F5-AEDD-39A863397B51}.Release|Any CPU.Build.0 = Release|Any CPU
		{0EEA3A9B-CADD-4E6E-8B17-A2B52E8FC186}.Debug|Any CPU.ActiveCfg = Debug|Any CPU
		{0EEA3A9B-CADD-4E6E-8B17-A2B52E8FC186}.Debug|Any CPU.Build.0 = Debug|Any CPU
		{0EEA3A9B-CADD-4E6E-8B17-A2B52E8FC186}.Release|Any CPU.ActiveCfg = Release|Any CPU
		{0EEA3A9B-CADD-4E6E-8B17-A2B52E8FC186}.Release|Any CPU.Build.0 = Release|Any CPU
		{0043E3E3-9225-4654-94E4-DA04608FBC4C}.Debug|Any CPU.ActiveCfg = Debug|Any CPU
		{0043E3E3-9225-4654-94E4-DA04608FBC4C}.Debug|Any CPU.Build.0 = Debug|Any CPU
		{0043E3E3-9225-4654-94E4-DA04608FBC4C}.Release|Any CPU.ActiveCfg = Release|Any CPU
		{0043E3E3-9225-4654-94E4-DA04608FBC4C}.Release|Any CPU.Build.0 = Release|Any CPU
		{8D095C49-DDBE-4102-A9BD-B848DFCFD50F}.Debug|Any CPU.ActiveCfg = Debug|Any CPU
		{8D095C49-DDBE-4102-A9BD-B848DFCFD50F}.Debug|Any CPU.Build.0 = Debug|Any CPU
		{8D095C49-DDBE-4102-A9BD-B848DFCFD50F}.Release|Any CPU.ActiveCfg = Release|Any CPU
		{8D095C49-DDBE-4102-A9BD-B848DFCFD50F}.Release|Any CPU.Build.0 = Release|Any CPU
	EndGlobalSection
	GlobalSection(SolutionProperties) = preSolution
		HideSolutionNode = FALSE
	EndGlobalSection
	GlobalSection(NestedProjects) = preSolution
		{6A6C31D3-CC03-4B7A-8C57-A3D6A05896E5} = {03D41934-A77C-4E1D-A8DA-56A627D7C231}
		{B8B664F6-B871-4182-AD74-334092A98BD5} = {EB9A8544-4654-41EE-902C-7745506E5E8B}
		{E2C24E90-0EEA-4ABC-AD9E-33F056608534} = {EB9A8544-4654-41EE-902C-7745506E5E8B}
		{0258A558-DCCC-4944-AFBD-366D173F6C5E} = {EB9A8544-4654-41EE-902C-7745506E5E8B}
		{03D41934-A77C-4E1D-A8DA-56A627D7C231} = {0258A558-DCCC-4944-AFBD-366D173F6C5E}
		{F0E407C7-0D57-4AEF-88A1-1E104409B7CE} = {0258A558-DCCC-4944-AFBD-366D173F6C5E}
		{33F3B526-DF0F-4091-A060-3D30BC034D4D} = {B8B664F6-B871-4182-AD74-334092A98BD5}
		{BF4D29BF-0E1A-4AF9-A7C0-D6FAECE49FF4} = {B8B664F6-B871-4182-AD74-334092A98BD5}
		{408B7A1C-21DF-48F5-AEDD-39A863397B51} = {E2C24E90-0EEA-4ABC-AD9E-33F056608534}
		{0EEA3A9B-CADD-4E6E-8B17-A2B52E8FC186} = {E2C24E90-0EEA-4ABC-AD9E-33F056608534}
		{0043E3E3-9225-4654-94E4-DA04608FBC4C} = {F0E407C7-0D57-4AEF-88A1-1E104409B7CE}
		{8D095C49-DDBE-4102-A9BD-B848DFCFD50F} = {E2C24E90-0EEA-4ABC-AD9E-33F056608534}
	EndGlobalSection
EndGlobal
